
Microsoft Visual Studio Solution File, Format Version 12.00
# Visual Studio Version 17
VisualStudioVersion = 17.11.35327.3
MinimumVisualStudioVersion = 10.0.40219.1
Project("{9A19103F-16F7-4668-BE54-9A1E7A4F7556}") = "UI2- Main page", "UI2- Main page\UI2- Main page.csproj", "{BA9EB6ED-2FBA-442D-815A-B6C44E01164D}"
EndProject
Project("{9A19103F-16F7-4668-BE54-9A1E7A4F7556}") = "UI2- ADMIN LOGIN", "UI2- ADMIN LOGIN\UI2- ADMIN LOGIN.csproj", "{00D50BF7-A384-4915-ACD5-6567A04AF7F5}"
EndProject
Project("{9A19103F-16F7-4668-BE54-9A1E7A4F7556}") = "UI2- Managerlogin", "UI2- Managerlogin\UI2- Managerlogin.csproj", "{90A22BDF-C21D-45C0-A92F-B72826E1C258}"
EndProject
Project("{9A19103F-16F7-4668-BE54-9A1E7A4F7556}") = "ui2- employeelogin", "ui2- employeelogin\ui2- employeelogin.csproj", "{ADF5570B-629E-44C3-8A8A-31F7E247513E}"
EndProject
Project("{9A19103F-16F7-4668-BE54-9A1E7A4F7556}") = "Admin portal", "Admin portal\Admin portal.csproj", "{C1201719-05D0-4FD1-A171-B9152B0664E0}"
EndProject
Project("{9A19103F-16F7-4668-BE54-9A1E7A4F7556}") = "UI2 - adminEmployee", "UI2 - adminEmployee\UI2 - adminEmployee.csproj", "{DF95CBFC-3747-456E-8E83-73E66179DE5E}"
EndProject
Project("{FAE04EC0-301F-11D3-BF4B-00C04F79EFBC}") = "ui2 - admin manager", "ui2 - admin manager\ui2 - admin manager.csproj", "{388AFFD2-1CF0-49FB-9727-5BCBACFC398E}"
EndProject
Project("{9A19103F-16F7-4668-BE54-9A1E7A4F7556}") = "ui2-adminmanager", "ui2-adminmanager\ui2-adminmanager.csproj", "{8270BC80-1DFF-4BD4-B483-9056EC0F0393}"
EndProject
Project("{FAE04EC0-301F-11D3-BF4B-00C04F79EFBC}") = "ui2-admin manager new2", "ui2-admin manager new2\ui2-admin manager new2.csproj", "{059AF151-2ACB-4AAB-B041-6EEBD2339671}"
EndProject
Project("{FAE04EC0-301F-11D3-BF4B-00C04F79EFBC}") = "ui2- employeeportal", "ui2- employeeportal\ui2- employeeportal.csproj", "{842106FA-B3E1-4763-9B04-BAD05B864918}"
EndProject
Project("{FAE04EC0-301F-11D3-BF4B-00C04F79EFBC}") = "ui2- managerportal", "ui2- managerportal\ui2- managerportal.csproj", "{4D2E21B2-611E-4EAE-98B8-05604B890F6A}"
EndProject
Global
	GlobalSection(SolutionConfigurationPlatforms) = preSolution
		Debug|Any CPU = Debug|Any CPU
		Release|Any CPU = Release|Any CPU
	EndGlobalSection
	GlobalSection(ProjectConfigurationPlatforms) = postSolution
		{BA9EB6ED-2FBA-442D-815A-B6C44E01164D}.Debug|Any CPU.ActiveCfg = Debug|Any CPU
		{BA9EB6ED-2FBA-442D-815A-B6C44E01164D}.Debug|Any CPU.Build.0 = Debug|Any CPU
		{BA9EB6ED-2FBA-442D-815A-B6C44E01164D}.Release|Any CPU.ActiveCfg = Release|Any CPU
		{BA9EB6ED-2FBA-442D-815A-B6C44E01164D}.Release|Any CPU.Build.0 = Release|Any CPU
		{00D50BF7-A384-4915-ACD5-6567A04AF7F5}.Debug|Any CPU.ActiveCfg = Debug|Any CPU
		{00D50BF7-A384-4915-ACD5-6567A04AF7F5}.Debug|Any CPU.Build.0 = Debug|Any CPU
		{00D50BF7-A384-4915-ACD5-6567A04AF7F5}.Release|Any CPU.ActiveCfg = Release|Any CPU
		{00D50BF7-A384-4915-ACD5-6567A04AF7F5}.Release|Any CPU.Build.0 = Release|Any CPU
		{90A22BDF-C21D-45C0-A92F-B72826E1C258}.Debug|Any CPU.ActiveCfg = Debug|Any CPU
		{90A22BDF-C21D-45C0-A92F-B72826E1C258}.Debug|Any CPU.Build.0 = Debug|Any CPU
		{90A22BDF-C21D-45C0-A92F-B72826E1C258}.Release|Any CPU.ActiveCfg = Release|Any CPU
		{90A22BDF-C21D-45C0-A92F-B72826E1C258}.Release|Any CPU.Build.0 = Release|Any CPU
		{ADF5570B-629E-44C3-8A8A-31F7E247513E}.Debug|Any CPU.ActiveCfg = Debug|Any CPU
		{ADF5570B-629E-44C3-8A8A-31F7E247513E}.Debug|Any CPU.Build.0 = Debug|Any CPU
		{ADF5570B-629E-44C3-8A8A-31F7E247513E}.Release|Any CPU.ActiveCfg = Release|Any CPU
		{ADF5570B-629E-44C3-8A8A-31F7E247513E}.Release|Any CPU.Build.0 = Release|Any CPU
		{C1201719-05D0-4FD1-A171-B9152B0664E0}.Debug|Any CPU.ActiveCfg = Debug|Any CPU
		{C1201719-05D0-4FD1-A171-B9152B0664E0}.Debug|Any CPU.Build.0 = Debug|Any CPU
		{C1201719-05D0-4FD1-A171-B9152B0664E0}.Release|Any CPU.ActiveCfg = Release|Any CPU
		{C1201719-05D0-4FD1-A171-B9152B0664E0}.Release|Any CPU.Build.0 = Release|Any CPU
		{DF95CBFC-3747-456E-8E83-73E66179DE5E}.Debug|Any CPU.ActiveCfg = Debug|Any CPU
		{DF95CBFC-3747-456E-8E83-73E66179DE5E}.Debug|Any CPU.Build.0 = Debug|Any CPU
		{DF95CBFC-3747-456E-8E83-73E66179DE5E}.Release|Any CPU.ActiveCfg = Release|Any CPU
		{DF95CBFC-3747-456E-8E83-73E66179DE5E}.Release|Any CPU.Build.0 = Release|Any CPU
		{388AFFD2-1CF0-49FB-9727-5BCBACFC398E}.Debug|Any CPU.ActiveCfg = Debug|Any CPU
		{388AFFD2-1CF0-49FB-9727-5BCBACFC398E}.Debug|Any CPU.Build.0 = Debug|Any CPU
		{388AFFD2-1CF0-49FB-9727-5BCBACFC398E}.Release|Any CPU.ActiveCfg = Release|Any CPU
		{388AFFD2-1CF0-49FB-9727-5BCBACFC398E}.Release|Any CPU.Build.0 = Release|Any CPU
		{8270BC80-1DFF-4BD4-B483-9056EC0F0393}.Debug|Any CPU.ActiveCfg = Debug|Any CPU
		{8270BC80-1DFF-4BD4-B483-9056EC0F0393}.Debug|Any CPU.Build.0 = Debug|Any CPU
		{8270BC80-1DFF-4BD4-B483-9056EC0F0393}.Release|Any CPU.ActiveCfg = Release|Any CPU
		{8270BC80-1DFF-4BD4-B483-9056EC0F0393}.Release|Any CPU.Build.0 = Release|Any CPU
		{059AF151-2ACB-4AAB-B041-6EEBD2339671}.Debug|Any CPU.ActiveCfg = Debug|Any CPU
		{059AF151-2ACB-4AAB-B041-6EEBD2339671}.Debug|Any CPU.Build.0 = Debug|Any CPU
		{059AF151-2ACB-4AAB-B041-6EEBD2339671}.Release|Any CPU.ActiveCfg = Release|Any CPU
		{059AF151-2ACB-4AAB-B041-6EEBD2339671}.Release|Any CPU.Build.0 = Release|Any CPU
		{842106FA-B3E1-4763-9B04-BAD05B864918}.Debug|Any CPU.ActiveCfg = Debug|Any CPU
		{842106FA-B3E1-4763-9B04-BAD05B864918}.Debug|Any CPU.Build.0 = Debug|Any CPU
		{842106FA-B3E1-4763-9B04-BAD05B864918}.Release|Any CPU.ActiveCfg = Release|Any CPU
		{842106FA-B3E1-4763-9B04-BAD05B864918}.Release|Any CPU.Build.0 = Release|Any CPU
		{4D2E21B2-611E-4EAE-98B8-05604B890F6A}.Debug|Any CPU.ActiveCfg = Debug|Any CPU
		{4D2E21B2-611E-4EAE-98B8-05604B890F6A}.Debug|Any CPU.Build.0 = Debug|Any CPU
		{4D2E21B2-611E-4EAE-98B8-05604B890F6A}.Release|Any CPU.ActiveCfg = Release|Any CPU
		{4D2E21B2-611E-4EAE-98B8-05604B890F6A}.Release|Any CPU.Build.0 = Release|Any CPU
	EndGlobalSection
	GlobalSection(SolutionProperties) = preSolution
		HideSolutionNode = FALSE
	EndGlobalSection
	GlobalSection(ExtensibilityGlobals) = postSolution
		SolutionGuid = {ABBA817E-DFDA-4646-BA58-D968906C89BA}
	EndGlobalSection
EndGlobal
